
Microsoft Visual Studio Solution File, Format Version 12.00
# Visual Studio 15
VisualStudioVersion = 15.0.28010.2046
MinimumVisualStudioVersion = 10.0.40219.1
Project("{FAE04EC0-301F-11D3-BF4B-00C04F79EFBC}") = "SolutionFirst", "SolutionFirst\SolutionFirst.csproj", "{DA52F513-60E2-40D4-B3F7-B1F2264BF7B0}"
EndProject
Global
	GlobalSection(SolutionConfigurationPlatforms) = preSolution
		Debug|Any CPU = Debug|Any CPU
		Release|Any CPU = Release|Any CPU
	EndGlobalSection
	GlobalSection(ProjectConfigurationPlatforms) = postSolution
		{DA52F513-60E2-40D4-B3F7-B1F2264BF7B0}.Debug|Any CPU.ActiveCfg = Debug|Any CPU
		{DA52F513-60E2-40D4-B3F7-B1F2264BF7B0}.Debug|Any CPU.Build.0 = Debug|Any CPU
		{DA52F513-60E2-40D4-B3F7-B1F2264BF7B0}.Release|Any CPU.ActiveCfg = Release|Any CPU
		{DA52F513-60E2-40D4-B3F7-B1F2264BF7B0}.Release|Any CPU.Build.0 = Release|Any CPU
	EndGlobalSection
	GlobalSection(SolutionProperties) = preSolution
		HideSolutionNode = FALSE
	EndGlobalSection
	GlobalSection(ExtensibilityGlobals) = postSolution
		SolutionGuid = {57C09C82-9EE0-47EA-98BA-76DD82155DBF}
	EndGlobalSection
EndGlobal
